{
  "name": "node-addon-libtorch",
  "version": "1.0.0",
  "lockfileVersion": 2,
  "requires": true,
  "packages": {
    "": {
      "name": "node-addon-libtorch",
      "version": "1.0.0",
      "license": "ISC",
      "dependencies": {
        "node-addon-api": "^4.0.0"
      }
    },
    "node_modules/node-addon-api": {
      "version": "4.0.0",
      "resolved": "https://registry.npmjs.org/node-addon-api/-/node-addon-api-4.0.0.tgz",
      "integrity": "sha512-ALmRVBFzfwldBfk3SbKfl6+PVMXiCPKZBEfsJqB/EjXAMAI+MfFrEHR+GMRBuI162DihZ1QjEZ8ieYKuRCJ8Hg=="
    }
  },
  "dependencies": {
    "node-addon-api": {
      "version": "4.0.0",
      "resolved": "https://registry.npmjs.org/node-addon-api/-/node-addon-api-4.0.0.tgz",
      "integrity": "sha512-ALmRVBFzfwldBfk3SbKfl6+PVMXiCPKZBEfsJqB/EjXAMAI+MfFrEHR+GMRBuI162DihZ1QjEZ8ieYKuRCJ8Hg=="
    }
  }
}
